
Microsoft Visual Studio Solution File, Format Version 12.00
# Visual Studio Version 16
VisualStudioVersion = 16.0.29728.190
MinimumVisualStudioVersion = 10.0.40219.1
Project("{FAE04EC0-301F-11D3-BF4B-00C04F79EFBC}") = "Bank Account", "Bank Account\Bank Account.csproj", "{DDD5918F-493E-47E8-B8B6-B10E41959325}"
EndProject
Global
	GlobalSection(SolutionConfigurationPlatforms) = preSolution
		Debug|Any CPU = Debug|Any CPU
		Release|Any CPU = Release|Any CPU
	EndGlobalSection
	GlobalSection(ProjectConfigurationPlatforms) = postSolution
		{DDD5918F-493E-47E8-B8B6-B10E41959325}.Debug|Any CPU.ActiveCfg = Debug|Any CPU
		{DDD5918F-493E-47E8-B8B6-B10E41959325}.Debug|Any CPU.Build.0 = Debug|Any CPU
		{DDD5918F-493E-47E8-B8B6-B10E41959325}.Release|Any CPU.ActiveCfg = Release|Any CPU
		{DDD5918F-493E-47E8-B8B6-B10E41959325}.Release|Any CPU.Build.0 = Release|Any CPU
	EndGlobalSection
	GlobalSection(SolutionProperties) = preSolution
		HideSolutionNode = FALSE
	EndGlobalSection
	GlobalSection(ExtensibilityGlobals) = postSolution
		SolutionGuid = {600F7035-68F2-469E-A478-B419F877CA2A}
	EndGlobalSection
EndGlobal
